// !$*UTF8*$!
{
	archiveVersion = 1;
	classes = {
	};
	objectVersion = 50;
	objects = {

/* Begin PBXBuildFile section */
		5D7588F523D2C4FF009426DB /* AppDelegate.swift in Sources */ = {isa = PBXBuildFile; fileRef = 5D7588F423D2C4FF009426DB /* AppDelegate.swift */; };
		5D7588F723D2C500009426DB /* SceneDelegate.swift in Sources */ = {isa = PBXBuildFile; fileRef = 5D7588F623D2C500009426DB /* SceneDelegate.swift */; };
		5D7588F923D2C500009426DB /* FirstViewController.swift in Sources */ = {isa = PBXBuildFile; fileRef = 5D7588F823D2C500009426DB /* FirstViewController.swift */; };
		5D7588FB23D2C500009426DB /* SecondViewController.swift in Sources */ = {isa = PBXBuildFile; fileRef = 5D7588FA23D2C500009426DB /* SecondViewController.swift */; };
		5D7588FE23D2C500009426DB /* Main.storyboard in Resources */ = {isa = PBXBuildFile; fileRef = 5D7588FC23D2C500009426DB /* Main.storyboard */; };
		5D75890023D2C502009426DB /* Assets.xcassets in Resources */ = {isa = PBXBuildFile; fileRef = 5D7588FF23D2C502009426DB /* Assets.xcassets */; };
		5D75890323D2C502009426DB /* LaunchScreen.storyboard in Resources */ = {isa = PBXBuildFile; fileRef = 5D75890123D2C502009426DB /* LaunchScreen.storyboard */; };
		5D75890E23D2C502009426DB /* todo2020Tests.swift in Sources */ = {isa = PBXBuildFile; fileRef = 5D75890D23D2C502009426DB /* todo2020Tests.swift */; };
		5D75891923D2C502009426DB /* todo2020UITests.swift in Sources */ = {isa = PBXBuildFile; fileRef = 5D75891823D2C502009426DB /* todo2020UITests.swift */; };
/* End PBXBuildFile section */

/* Begin PBXContainerItemProxy section */
		5D75890A23D2C502009426DB /* PBXContainerItemProxy */ = {
			isa = PBXContainerItemProxy;
			containerPortal = 5D7588E923D2C4FF009426DB /* Project object */;
			proxyType = 1;
			remoteGlobalIDString = 5D7588F023D2C4FF009426DB;
			remoteInfo = todo2020;
		};
		5D75891523D2C502009426DB /* PBXContainerItemProxy */ = {
			isa = PBXContainerItemProxy;
			containerPortal = 5D7588E923D2C4FF009426DB /* Project object */;
			proxyType = 1;
			remoteGlobalIDString = 5D7588F023D2C4FF009426DB;
			remoteInfo = todo2020;
		};
/* End PBXContainerItemProxy section */

/* Begin PBXFileReference section */
		5D7588F123D2C4FF009426DB /* todo2020.app */ = {isa = PBXFileReference; explicitFileType = wrapper.application; includeInIndex = 0; path = todo2020.app; sourceTree = BUILT_PRODUCTS_DIR; };
		5D7588F423D2C4FF009426DB /* AppDelegate.swift */ = {isa = PBXFileReference; lastKnownFileType = sourcecode.swift; path = AppDelegate.swift; sourceTree = "<group>"; };
		5D7588F623D2C500009426DB /* SceneDelegate.swift */ = {isa = PBXFileReference; lastKnownFileType = sourcecode.swift; path = SceneDelegate.swift; sourceTree = "<group>"; };
		5D7588F823D2C500009426DB /* FirstViewController.swift */ = {isa = PBXFileReference; lastKnownFileType = sourcecode.swift; path = FirstViewController.swift; sourceTree = "<group>"; };
		5D7588FA23D2C500009426DB /* SecondViewController.swift */ = {isa = PBXFileReference; lastKnownFileType = sourcecode.swift; path = SecondViewController.swift; sourceTree = "<group>"; };
		5D7588FD23D2C500009426DB /* Base */ = {isa = PBXFileReference; lastKnownFileType = file.storyboard; name = Base; path = Base.lproj/Main.storyboard; sourceTree = "<group>"; };
		5D7588FF23D2C502009426DB /* Assets.xcassets */ = {isa = PBXFileReference; lastKnownFileType = folder.assetcatalog; path = Assets.xcassets; sourceTree = "<group>"; };
		5D75890223D2C502009426DB /* Base */ = {isa = PBXFileReference; lastKnownFileType = file.storyboard; name = Base; path = Base.lproj/LaunchScreen.storyboard; sourceTree = "<group>"; };
		5D75890423D2C502009426DB /* Info.plist */ = {isa = PBXFileReference; lastKnownFileType = text.plist.xml; path = Info.plist; sourceTree = "<group>"; };
		5D75890923D2C502009426DB /* todo2020Tests.xctest */ = {isa = PBXFileReference; explicitFileType = wrapper.cfbundle; includeInIndex = 0; path = todo2020Tests.xctest; sourceTree = BUILT_PRODUCTS_DIR; };
		5D75890D23D2C502009426DB /* todo2020Tests.swift */ = {isa = PBXFileReference; lastKnownFileType = sourcecode.swift; path = todo2020Tests.swift; sourceTree = "<group>"; };
		5D75890F23D2C502009426DB /* Info.plist */ = {isa = PBXFileReference; lastKnownFileType = text.plist.xml; path = Info.plist; sourceTree = "<group>"; };
		5D75891423D2C502009426DB /* todo2020UITests.xctest */ = {isa = PBXFileReference; explicitFileType = wrapper.cfbundle; includeInIndex = 0; path = todo2020UITests.xctest; sourceTree = BUILT_PRODUCTS_DIR; };
		5D75891823D2C502009426DB /* todo2020UITests.swift */ = {isa = PBXFileReference; lastKnownFileType = sourcecode.swift; path = todo2020UITests.swift; sourceTree = "<group>"; };
		5D75891A23D2C502009426DB /* Info.plist */ = {isa = PBXFileReference; lastKnownFileType = text.plist.xml; path = Info.plist; sourceTree = "<group>"; };
/* End PBXFileReference section */

/* Begin PBXFrameworksBuildPhase section */
		5D7588EE23D2C4FF009426DB /* Frameworks */ = {
			isa = PBXFrameworksBuildPhase;
			buildActionMask = 2147483647;
			files = (
			);
			runOnlyForDeploymentPostprocessing = 0;
		};
		5D75890623D2C502009426DB /* Frameworks */ = {
			isa = PBXFrameworksBuildPhase;
			buildActionMask = 2147483647;
			files = (
			);
			runOnlyForDeploymentPostprocessing = 0;
		};
		5D75891123D2C502009426DB /* Frameworks */ = {
			isa = PBXFrameworksBuildPhase;
			buildActionMask = 2147483647;
			files = (
			);
			runOnlyForDeploymentPostprocessing = 0;
		};
/* End PBXFrameworksBuildPhase section */

/* Begin PBXGroup section */
		5D7588E823D2C4FF009426DB = {
			isa = PBXGroup;
			children = (
				5D7588F323D2C4FF009426DB /* todo2020 */,
				5D75890C23D2C502009426DB /* todo2020Tests */,
				5D75891723D2C502009426DB /* todo2020UITests */,
				5D7588F223D2C4FF009426DB /* Products */,
			);
			sourceTree = "<group>";
		};
		5D7588F223D2C4FF009426DB /* Products */ = {
			isa = PBXGroup;
			children = (
				5D7588F123D2C4FF009426DB /* todo2020.app */,
				5D75890923D2C502009426DB /* todo2020Tests.xctest */,
				5D75891423D2C502009426DB /* todo2020UITests.xctest */,
			);
			name = Products;
			sourceTree = "<group>";
		};
		5D7588F323D2C4FF009426DB /* todo2020 */ = {
			isa = PBXGroup;
			children = (
				5D7588F423D2C4FF009426DB /* AppDelegate.swift */,
				5D7588F623D2C500009426DB /* SceneDelegate.swift */,
				5D7588F823D2C500009426DB /* FirstViewController.swift */,
				5D7588FA23D2C500009426DB /* SecondViewController.swift */,
				5D7588FC23D2C500009426DB /* Main.storyboard */,
				5D7588FF23D2C502009426DB /* Assets.xcassets */,
				5D75890123D2C502009426DB /* LaunchScreen.storyboard */,
				5D75890423D2C502009426DB /* Info.plist */,
			);
			path = todo2020;
			sourceTree = "<group>";
		};
		5D75890C23D2C502009426DB /* todo2020Tests */ = {
			isa = PBXGroup;
			children = (
				5D75890D23D2C502009426DB /* todo2020Tests.swift */,
				5D75890F23D2C502009426DB /* Info.plist */,
			);
			path = todo2020Tests;
			sourceTree = "<group>";
		};
		5D75891723D2C502009426DB /* todo2020UITests */ = {
			isa = PBXGroup;
			children = (
				5D75891823D2C502009426DB /* todo2020UITests.swift */,
				5D75891A23D2C502009426DB /* Info.plist */,
			);
			path = todo2020UITests;
			sourceTree = "<group>";
		};
/* End PBXGroup section */

/* Begin PBXNativeTarget section */
		5D7588F023D2C4FF009426DB /* todo2020 */ = {
			isa = PBXNativeTarget;
			buildConfigurationList = 5D75891D23D2C502009426DB /* Build configuration list for PBXNativeTarget "todo2020" */;
			buildPhases = (
				5D7588ED23D2C4FF009426DB /* Sources */,
				5D7588EE23D2C4FF009426DB /* Frameworks */,
				5D7588EF23D2C4FF009426DB /* Resources */,
			);
			buildRules = (
			);
			dependencies = (
			);
			name = todo2020;
			productName = todo2020;
			productReference = 5D7588F123D2C4FF009426DB /* todo2020.app */;
			productType = "com.apple.product-type.application";
		};
		5D75890823D2C502009426DB /* todo2020Tests */ = {
			isa = PBXNativeTarget;
			buildConfigurationList = 5D75892023D2C502009426DB /* Build configuration list for PBXNativeTarget "todo2020Tests" */;
			buildPhases = (
				5D75890523D2C502009426DB /* Sources */,
				5D75890623D2C502009426DB /* Frameworks */,
				5D75890723D2C502009426DB /* Resources */,
			);
			buildRules = (
			);
			dependencies = (
				5D75890B23D2C502009426DB /* PBXTargetDependency */,
			);
			name = todo2020Tests;
			productName = todo2020Tests;
			productReference = 5D75890923D2C502009426DB /* todo2020Tests.xctest */;
			productType = "com.apple.product-type.bundle.unit-test";
		};
		5D75891323D2C502009426DB /* todo2020UITests */ = {
			isa = PBXNativeTarget;
			buildConfigurationList = 5D75892323D2C502009426DB /* Build configuration list for PBXNativeTarget "todo2020UITests" */;
			buildPhases = (
				5D75891023D2C502009426DB /* Sources */,
				5D75891123D2C502009426DB /* Frameworks */,
				5D75891223D2C502009426DB /* Resources */,
			);
			buildRules = (
			);
			dependencies = (
				5D75891623D2C502009426DB /* PBXTargetDependency */,
			);
			name = todo2020UITests;
			productName = todo2020UITests;
			productReference = 5D75891423D2C502009426DB /* todo2020UITests.xctest */;
			productType = "com.apple.product-type.bundle.ui-testing";
		};
/* End PBXNativeTarget section */

/* Begin PBXProject section */
		5D7588E923D2C4FF009426DB /* Project object */ = {
			isa = PBXProject;
			attributes = {
				LastSwiftUpdateCheck = 1130;
				LastUpgradeCheck = 1130;
				ORGANIZATIONNAME = "Muhammed Essa";
				TargetAttributes = {
					5D7588F023D2C4FF009426DB = {
						CreatedOnToolsVersion = 11.3.1;
					};
					5D75890823D2C502009426DB = {
						CreatedOnToolsVersion = 11.3.1;
						TestTargetID = 5D7588F023D2C4FF009426DB;
					};
					5D75891323D2C502009426DB = {
						CreatedOnToolsVersion = 11.3.1;
						TestTargetID = 5D7588F023D2C4FF009426DB;
					};
				};
			};
			buildConfigurationList = 5D7588EC23D2C4FF009426DB /* Build configuration list for PBXProject "todo2020" */;
			compatibilityVersion = "Xcode 9.3";
			developmentRegion = en;
			hasScannedForEncodings = 0;
			knownRegions = (
				en,
				Base,
			);
			mainGroup = 5D7588E823D2C4FF009426DB;
			productRefGroup = 5D7588F223D2C4FF009426DB /* Products */;
			projectDirPath = "";
			projectRoot = "";
			targets = (
				5D7588F023D2C4FF009426DB /* todo2020 */,
				5D75890823D2C502009426DB /* todo2020Tests */,
				5D75891323D2C502009426DB /* todo2020UITests */,
			);
		};
/* End PBXProject section */

/* Begin PBXResourcesBuildPhase section */
		5D7588EF23D2C4FF009426DB /* Resources */ = {
			isa = PBXResourcesBuildPhase;
			buildActionMask = 2147483647;
			files = (
				5D75890323D2C502009426DB /* LaunchScreen.storyboard in Resources */,
				5D75890023D2C502009426DB /* Assets.xcassets in Resources */,
				5D7588FE23D2C500009426DB /* Main.storyboard in Resources */,
			);
			runOnlyForDeploymentPostprocessing = 0;
		};
		5D75890723D2C502009426DB /* Resources */ = {
			isa = PBXResourcesBuildPhase;
			buildActionMask = 2147483647;
			files = (
			);
			runOnlyForDeploymentPostprocessing = 0;
		};
		5D75891223D2C502009426DB /* Resources */ = {
			isa = PBXResourcesBuildPhase;
			buildActionMask = 2147483647;
			files = (
			);
			runOnlyForDeploymentPostprocessing = 0;
		};
/* End PBXResourcesBuildPhase section */

/* Begin PBXSourcesBuildPhase section */
		5D7588ED23D2C4FF009426DB /* Sources */ = {
			isa = PBXSourcesBuildPhase;
			buildActionMask = 2147483647;
			files = (
				5D7588FB23D2C500009426DB /* SecondViewController.swift in Sources */,
				5D7588F923D2C500009426DB /* FirstViewController.swift in Sources */,
				5D7588F523D2C4FF009426DB /* AppDelegate.swift in Sources */,
				5D7588F723D2C500009426DB /* SceneDelegate.swift in Sources */,
			);
			runOnlyForDeploymentPostprocessing = 0;
		};
		5D75890523D2C502009426DB /* Sources */ = {
			isa = PBXSourcesBuildPhase;
			buildActionMask = 2147483647;
			files = (
				5D75890E23D2C502009426DB /* todo2020Tests.swift in Sources */,
			);
			runOnlyForDeploymentPostprocessing = 0;
		};
		5D75891023D2C502009426DB /* Sources */ = {
			isa = PBXSourcesBuildPhase;
			buildActionMask = 2147483647;
			files = (
				5D75891923D2C502009426DB /* todo2020UITests.swift in Sources */,
			);
			runOnlyForDeploymentPostprocessing = 0;
		};
/* End PBXSourcesBuildPhase section */

/* Begin PBXTargetDependency section */
		5D75890B23D2C502009426DB /* PBXTargetDependency */ = {
			isa = PBXTargetDependency;
			target = 5D7588F023D2C4FF009426DB /* todo2020 */;
			targetProxy = 5D75890A23D2C502009426DB /* PBXContainerItemProxy */;
		};
		5D75891623D2C502009426DB /* PBXTargetDependency */ = {
			isa = PBXTargetDependency;
			target = 5D7588F023D2C4FF009426DB /* todo2020 */;
			targetProxy = 5D75891523D2C502009426DB /* PBXContainerItemProxy */;
		};
/* End PBXTargetDependency section */

/* Begin PBXVariantGroup section */
		5D7588FC23D2C500009426DB /* Main.storyboard */ = {
			isa = PBXVariantGroup;
			children = (
				5D7588FD23D2C500009426DB /* Base */,
			);
			name = Main.storyboard;
			sourceTree = "<group>";
		};
		5D75890123D2C502009426DB /* LaunchScreen.storyboard */ = {
			isa = PBXVariantGroup;
			children = (
				5D75890223D2C502009426DB /* Base */,
			);
			name = LaunchScreen.storyboard;
			sourceTree = "<group>";
		};
/* End PBXVariantGroup section */

/* Begin XCBuildConfiguration section */
		5D75891B23D2C502009426DB /* Debug */ = {
			isa = XCBuildConfiguration;
			buildSettings = {
				ALWAYS_SEARCH_USER_PATHS = NO;
				CLANG_ANALYZER_NONNULL = YES;
				CLANG_ANALYZER_NUMBER_OBJECT_CONVERSION = YES_AGGRESSIVE;
				CLANG_CXX_LANGUAGE_STANDARD = "gnu++14";
				CLANG_CXX_LIBRARY = "libc++";
				CLANG_ENABLE_MODULES = YES;
				CLANG_ENABLE_OBJC_ARC = YES;
				CLANG_ENABLE_OBJC_WEAK = YES;
				CLANG_WARN_BLOCK_CAPTURE_AUTORELEASING = YES;
				CLANG_WARN_BOOL_CONVERSION = YES;
				CLANG_WARN_COMMA = YES;
				CLANG_WARN_CONSTANT_CONVERSION = YES;
				CLANG_WARN_DEPRECATED_OBJC_IMPLEMENTATIONS = YES;
				CLANG_WARN_DIRECT_OBJC_ISA_USAGE = YES_ERROR;
				CLANG_WARN_DOCUMENTATION_COMMENTS = YES;
				CLANG_WARN_EMPTY_BODY = YES;
				CLANG_WARN_ENUM_CONVERSION = YES;
				CLANG_WARN_INFINITE_RECURSION = YES;
				CLANG_WARN_INT_CONVERSION = YES;
				CLANG_WARN_NON_LITERAL_NULL_CONVERSION = YES;
				CLANG_WARN_OBJC_IMPLICIT_RETAIN_SELF = YES;
				CLANG_WARN_OBJC_LITERAL_CONVERSION = YES;
				CLANG_WARN_OBJC_ROOT_CLASS = YES_ERROR;
				CLANG_WARN_RANGE_LOOP_ANALYSIS = YES;
				CLANG_WARN_STRICT_PROTOTYPES = YES;
				CLANG_WARN_SUSPICIOUS_MOVE = YES;
				CLANG_WARN_UNGUARDED_AVAILABILITY = YES_AGGRESSIVE;
				CLANG_WARN_UNREACHABLE_CODE = YES;
				CLANG_WARN__DUPLICATE_METHOD_MATCH = YES;
				COPY_PHASE_STRIP = NO;
				DEBUG_INFORMATION_FORMAT = dwarf;
				ENABLE_STRICT_OBJC_MSGSEND = YES;
				ENABLE_TESTABILITY = YES;
				GCC_C_LANGUAGE_STANDARD = gnu11;
				GCC_DYNAMIC_NO_PIC = NO;
				GCC_NO_COMMON_BLOCKS = YES;
				GCC_OPTIMIZATION_LEVEL = 0;
				GCC_PREPROCESSOR_DEFINITIONS = (
					"DEBUG=1",
					"$(inherited)",
				);
				GCC_WARN_64_TO_32_BIT_CONVERSION = YES;
				GCC_WARN_ABOUT_RETURN_TYPE = YES_ERROR;
				GCC_WARN_UNDECLARED_SELECTOR = YES;
				GCC_WARN_UNINITIALIZED_AUTOS = YES_AGGRESSIVE;
				GCC_WARN_UNUSED_FUNCTION = YES;
				GCC_WARN_UNUSED_VARIABLE = YES;
				IPHONEOS_DEPLOYMENT_TARGET = 13.2;
				MTL_ENABLE_DEBUG_INFO = INCLUDE_SOURCE;
				MTL_FAST_MATH = YES;
				ONLY_ACTIVE_ARCH = YES;
				SDKROOT = iphoneos;
				SWIFT_ACTIVE_COMPILATION_CONDITIONS = DEBUG;
				SWIFT_OPTIMIZATION_LEVEL = "-Onone";
			};
			name = Debug;
		};
		5D75891C23D2C502009426DB /* Release */ = {
			isa = XCBuildConfiguration;
			buildSettings = {
				ALWAYS_SEARCH_USER_PATHS = NO;
				CLANG_ANALYZER_NONNULL = YES;
				CLANG_ANALYZER_NUMBER_OBJECT_CONVERSION = YES_AGGRESSIVE;
				CLANG_CXX_LANGUAGE_STANDARD = "gnu++14";
				CLANG_CXX_LIBRARY = "libc++";
				CLANG_ENABLE_MODULES = YES;
				CLANG_ENABLE_OBJC_ARC = YES;
				CLANG_ENABLE_OBJC_WEAK = YES;
				CLANG_WARN_BLOCK_CAPTURE_AUTORELEASING = YES;
				CLANG_WARN_BOOL_CONVERSION = YES;
				CLANG_WARN_COMMA = YES;
				CLANG_WARN_CONSTANT_CONVERSION = YES;
				CLANG_WARN_DEPRECATED_OBJC_IMPLEMENTATIONS = YES;
				CLANG_WARN_DIRECT_OBJC_ISA_USAGE = YES_ERROR;
				CLANG_WARN_DOCUMENTATION_COMMENTS = YES;
				CLANG_WARN_EMPTY_BODY = YES;
				CLANG_WARN_ENUM_CONVERSION = YES;
				CLANG_WARN_INFINITE_RECURSION = YES;
				CLANG_WARN_INT_CONVERSION = YES;
				CLANG_WARN_NON_LITERAL_NULL_CONVERSION = YES;
				CLANG_WARN_OBJC_IMPLICIT_RETAIN_SELF = YES;
				CLANG_WARN_OBJC_LITERAL_CONVERSION = YES;
				CLANG_WARN_OBJC_ROOT_CLASS = YES_ERROR;
				CLANG_WARN_RANGE_LOOP_ANALYSIS = YES;
				CLANG_WARN_STRICT_PROTOTYPES = YES;
				CLANG_WARN_SUSPICIOUS_MOVE = YES;
				CLANG_WARN_UNGUARDED_AVAILABILITY = YES_AGGRESSIVE;
				CLANG_WARN_UNREACHABLE_CODE = YES;
				CLANG_WARN__DUPLICATE_METHOD_MATCH = YES;
				COPY_PHASE_STRIP = NO;
				DEBUG_INFORMATION_FORMAT = "dwarf-with-dsym";
				ENABLE_NS_ASSERTIONS = NO;
				ENABLE_STRICT_OBJC_MSGSEND = YES;
				GCC_C_LANGUAGE_STANDARD = gnu11;
				GCC_NO_COMMON_BLOCKS = YES;
				GCC_WARN_64_TO_32_BIT_CONVERSION = YES;
				GCC_WARN_ABOUT_RETURN_TYPE = YES_ERROR;
				GCC_WARN_UNDECLARED_SELECTOR = YES;
				GCC_WARN_UNINITIALIZED_AUTOS = YES_AGGRESSIVE;
				GCC_WARN_UNUSED_FUNCTION = YES;
				GCC_WARN_UNUSED_VARIABLE = YES;
				IPHONEOS_DEPLOYMENT_TARGET = 13.2;
				MTL_ENABLE_DEBUG_INFO = NO;
				MTL_FAST_MATH = YES;
				SDKROOT = iphoneos;
				SWIFT_COMPILATION_MODE = wholemodule;
				SWIFT_OPTIMIZATION_LEVEL = "-O";
				VALIDATE_PRODUCT = YES;
			};
			name = Release;
		};
		5D75891E23D2C502009426DB /* Debug */ = {
			isa = XCBuildConfiguration;
			buildSettings = {
				ASSETCATALOG_COMPILER_APPICON_NAME = AppIcon;
				CODE_SIGN_STYLE = Automatic;
				INFOPLIST_FILE = todo2020/Info.plist;
				LD_RUNPATH_SEARCH_PATHS = (
					"$(inherited)",
					"@executable_path/Frameworks",
				);
				PRODUCT_BUNDLE_IDENTIFIER = org.codeforiraq.todo2020;
				PRODUCT_NAME = "$(TARGET_NAME)";
				SWIFT_VERSION = 5.0;
				TARGETED_DEVICE_FAMILY = "1,2";
			};
			name = Debug;
		};
		5D75891F23D2C502009426DB /* Release */ = {
			isa = XCBuildConfiguration;
			buildSettings = {
				ASSETCATALOG_COMPILER_APPICON_NAME = AppIcon;
				CODE_SIGN_STYLE = Automatic;
				INFOPLIST_FILE = todo2020/Info.plist;
				LD_RUNPATH_SEARCH_PATHS = (
					"$(inherited)",
					"@executable_path/Frameworks",
				);
				PRODUCT_BUNDLE_IDENTIFIER = org.codeforiraq.todo2020;
				PRODUCT_NAME = "$(TARGET_NAME)";
				SWIFT_VERSION = 5.0;
				TARGETED_DEVICE_FAMILY = "1,2";
			};
			name = Release;
		};
		5D75892123D2C502009426DB /* Debug */ = {
			isa = XCBuildConfiguration;
			buildSettings = {
				ALWAYS_EMBED_SWIFT_STANDARD_LIBRARIES = YES;
				BUNDLE_LOADER = "$(TEST_HOST)";
				CODE_SIGN_STYLE = Automatic;
				INFOPLIST_FILE = todo2020Tests/Info.plist;
				IPHONEOS_DEPLOYMENT_TARGET = 13.2;
				LD_RUNPATH_SEARCH_PATHS = (
					"$(inherited)",
					"@executable_path/Frameworks",
					"@loader_path/Frameworks",
				);
				PRODUCT_BUNDLE_IDENTIFIER = org.codeforiraq.todo2020Tests;
				PRODUCT_NAME = "$(TARGET_NAME)";
				SWIFT_VERSION = 5.0;
				TARGETED_DEVICE_FAMILY = "1,2";
				TEST_HOST = "$(BUILT_PRODUCTS_DIR)/todo2020.app/todo2020";
			};
			name = Debug;
		};
		5D75892223D2C502009426DB /* Release */ = {
			isa = XCBuildConfiguration;
			buildSettings = {
				ALWAYS_EMBED_SWIFT_STANDARD_LIBRARIES = YES;
				BUNDLE_LOADER = "$(TEST_HOST)";
				CODE_SIGN_STYLE = Automatic;
				INFOPLIST_FILE = todo2020Tests/Info.plist;
				IPHONEOS_DEPLOYMENT_TARGET = 13.2;
				LD_RUNPATH_SEARCH_PATHS = (
					"$(inherited)",
					"@executable_path/Frameworks",
					"@loader_path/Frameworks",
				);
				PRODUCT_BUNDLE_IDENTIFIER = org.codeforiraq.todo2020Tests;
				PRODUCT_NAME = "$(TARGET_NAME)";
				SWIFT_VERSION = 5.0;
				TARGETED_DEVICE_FAMILY = "1,2";
				TEST_HOST = "$(BUILT_PRODUCTS_DIR)/todo2020.app/todo2020";
			};
			name = Release;
		};
		5D75892423D2C502009426DB /* Debug */ = {
			isa = XCBuildConfiguration;
			buildSettings = {
				ALWAYS_EMBED_SWIFT_STANDARD_LIBRARIES = YES;
				CODE_SIGN_STYLE = Automatic;
				INFOPLIST_FILE = todo2020UITests/Info.plist;
				LD_RUNPATH_SEARCH_PATHS = (
					"$(inherited)",
					"@executable_path/Frameworks",
					"@loader_path/Frameworks",
				);
				PRODUCT_BUNDLE_IDENTIFIER = org.codeforiraq.todo2020UITests;
				PRODUCT_NAME = "$(TARGET_NAME)";
				SWIFT_VERSION = 5.0;
				TARGETED_DEVICE_FAMILY = "1,2";
				TEST_TARGET_NAME = todo2020;
			};
			name = Debug;
		};
		5D75892523D2C502009426DB /* Release */ = {
			isa = XCBuildConfiguration;
			buildSettings = {
				ALWAYS_EMBED_SWIFT_STANDARD_LIBRARIES = YES;
				CODE_SIGN_STYLE = Automatic;
				INFOPLIST_FILE = todo2020UITests/Info.plist;
				LD_RUNPATH_SEARCH_PATHS = (
					"$(inherited)",
					"@executable_path/Frameworks",
					"@loader_path/Frameworks",
				);
				PRODUCT_BUNDLE_IDENTIFIER = org.codeforiraq.todo2020UITests;
				PRODUCT_NAME = "$(TARGET_NAME)";
				SWIFT_VERSION = 5.0;
				TARGETED_DEVICE_FAMILY = "1,2";
				TEST_TARGET_NAME = todo2020;
			};
			name = Release;
		};
/* End XCBuildConfiguration section */

/* Begin XCConfigurationList section */
		5D7588EC23D2C4FF009426DB /* Build configuration list for PBXProject "todo2020" */ = {
			isa = XCConfigurationList;
			buildConfigurations = (
				5D75891B23D2C502009426DB /* Debug */,
				5D75891C23D2C502009426DB /* Release */,
			);
			defaultConfigurationIsVisible = 0;
			defaultConfigurationName = Release;
		};
		5D75891D23D2C502009426DB /* Build configuration list for PBXNativeTarget "todo2020" */ = {
			isa = XCConfigurationList;
			buildConfigurations = (
				5D75891E23D2C502009426DB /* Debug */,
				5D75891F23D2C502009426DB /* Release */,
			);
			defaultConfigurationIsVisible = 0;
			defaultConfigurationName = Release;
		};
		5D75892023D2C502009426DB /* Build configuration list for PBXNativeTarget "todo2020Tests" */ = {
			isa = XCConfigurationList;
			buildConfigurations = (
				5D75892123D2C502009426DB /* Debug */,
				5D75892223D2C502009426DB /* Release */,
			);
			defaultConfigurationIsVisible = 0;
			defaultConfigurationName = Release;
		};
		5D75892323D2C502009426DB /* Build configuration list for PBXNativeTarget "todo2020UITests" */ = {
			isa = XCConfigurationList;
			buildConfigurations = (
				5D75892423D2C502009426DB /* Debug */,
				5D75892523D2C502009426DB /* Release */,
			);
			defaultConfigurationIsVisible = 0;
			defaultConfigurationName = Release;
		};
/* End XCConfigurationList section */
	};
	rootObject = 5D7588E923D2C4FF009426DB /* Project object */;
}
